{
  "object": {
    "pins": [
      {
        "package": "PSPDFKit",
        "repositoryURL": "https://github.com/PSPDFKit/PSPDFKit-SP",
        "state": {
          "branch": null,
          "revision": "f4e2808875df3d85f07098c34647a5184d16f5b9",
          "version": "10.1.1"
        }
      }
    ]
  },
  "version": 1
}
